
Microsoft Visual Studio Solution File, Format Version 12.00
# Visual Studio 15
VisualStudioVersion = 15.0.27428.2015
MinimumVisualStudioVersion = 10.0.40219.1
Project("{9A19103F-16F7-4668-BE54-9A1E7A4F7556}") = "MovescountBackup.Lib", "MovescountBackup.Lib\MovescountBackup.Lib.csproj", "{9A8C4747-79B3-412C-9DE9-703F5273230D}"
EndProject
Project("{9A19103F-16F7-4668-BE54-9A1E7A4F7556}") = "MovescountBackup.Console", "MovescountBackup.Console\MovescountBackup.Console.csproj", "{9569EE2E-6B9E-479C-9F85-22FD576D2DB6}"
EndProject
Global
	GlobalSection(SolutionConfigurationPlatforms) = preSolution
		Debug|Any CPU = Debug|Any CPU
		Release|Any CPU = Release|Any CPU
	EndGlobalSection
	GlobalSection(ProjectConfigurationPlatforms) = postSolution
		{9A8C4747-79B3-412C-9DE9-703F5273230D}.Debug|Any CPU.ActiveCfg = Debug|Any CPU
		{9A8C4747-79B3-412C-9DE9-703F5273230D}.Debug|Any CPU.Build.0 = Debug|Any CPU
		{9A8C4747-79B3-412C-9DE9-703F5273230D}.Release|Any CPU.ActiveCfg = Release|Any CPU
		{9A8C4747-79B3-412C-9DE9-703F5273230D}.Release|Any CPU.Build.0 = Release|Any CPU
		{9569EE2E-6B9E-479C-9F85-22FD576D2DB6}.Debug|Any CPU.ActiveCfg = Debug|Any CPU
		{9569EE2E-6B9E-479C-9F85-22FD576D2DB6}.Debug|Any CPU.Build.0 = Debug|Any CPU
		{9569EE2E-6B9E-479C-9F85-22FD576D2DB6}.Release|Any CPU.ActiveCfg = Release|Any CPU
		{9569EE2E-6B9E-479C-9F85-22FD576D2DB6}.Release|Any CPU.Build.0 = Release|Any CPU
	EndGlobalSection
	GlobalSection(SolutionProperties) = preSolution
		HideSolutionNode = FALSE
	EndGlobalSection
	GlobalSection(ExtensibilityGlobals) = postSolution
		SolutionGuid = {7E307354-2466-4F83-8AF4-CB28A489851F}
	EndGlobalSection
EndGlobal
